{
	"name": "@taugor/auth-models",
	"version": "0.0.1",
	"lockfileVersion": 1,
	"requires": true,
	"dependencies": {
		"@zerobytes/firebase-basic-service": {
			"version": "1.0.7",
			"resolved": "https://registry.npmjs.org/@zerobytes/firebase-basic-service/-/firebase-basic-service-1.0.7.tgz",
			"integrity": "sha512-SUUdJfODi6eiewLpBPC4i51fgDT3BTphUsrsG57fqotJV4GbhJGqSInoGIUAOwU+IGl1VRwEYL8vlOxJjY2UUA=="
		},
		"@zerobytes/object-model-js": {
			"version": "0.0.8",
			"resolved": "https://registry.npmjs.org/@zerobytes/object-model-js/-/object-model-js-0.0.8.tgz",
			"integrity": "sha512-6MYS/4Xs0CiRd0Kl37AWe8qmk8NY2zQ3gLVJ9kSXZfKLcARGzbvwEbeseDU3IBq652Zg8MQpFMeyN6b/Fyx14w==",
			"requires": {
				"@zerobytes/firebase-basic-service": "^1.0.6"
			}
		}
	}
}
